
Microsoft Visual Studio Solution File, Format Version 12.00
Project("{FAE04EC0-301F-11D3-BF4B-00C04F79EFBC}") = "ConsoleEF", "ConsoleEF\ConsoleEF.csproj", "{74700D12-27DA-4940-AD4F-C76BD2A06F54}"
EndProject
Global
	GlobalSection(SolutionConfigurationPlatforms) = preSolution
		Debug|Any CPU = Debug|Any CPU
		Release|Any CPU = Release|Any CPU
	EndGlobalSection
	GlobalSection(ProjectConfigurationPlatforms) = postSolution
		{74700D12-27DA-4940-AD4F-C76BD2A06F54}.Debug|Any CPU.ActiveCfg = Debug|Any CPU
		{74700D12-27DA-4940-AD4F-C76BD2A06F54}.Debug|Any CPU.Build.0 = Debug|Any CPU
		{74700D12-27DA-4940-AD4F-C76BD2A06F54}.Release|Any CPU.ActiveCfg = Release|Any CPU
		{74700D12-27DA-4940-AD4F-C76BD2A06F54}.Release|Any CPU.Build.0 = Release|Any CPU
	EndGlobalSection
EndGlobal
